// !$*UTF8*$!
{
	archiveVersion = 1;
	classes = {
	};
	objectVersion = 56;
	objects = {

/* Begin PBXBuildFile section */
		355F447A2A77060B00DEB7EA /* landmarkData.json in Resources */ = {isa = PBXBuildFile; fileRef = 355F44792A77060B00DEB7EA /* landmarkData.json */; };
		355F447D2A7706E000DEB7EA /* Landmark.swift in Sources */ = {isa = PBXBuildFile; fileRef = 355F447C2A7706E000DEB7EA /* Landmark.swift */; };
		355F44962A770F1F00DEB7EA /* ModalData.swift in Sources */ = {isa = PBXBuildFile; fileRef = 355F44952A770F1F00DEB7EA /* ModalData.swift */; };
		355F449A2A77156F00DEB7EA /* LandmarkRow.swift in Sources */ = {isa = PBXBuildFile; fileRef = 355F44992A77156F00DEB7EA /* LandmarkRow.swift */; };
		355F60D82A77C3750098DFEB /* LandmarkList.swift in Sources */ = {isa = PBXBuildFile; fileRef = 355F60D72A77C3750098DFEB /* LandmarkList.swift */; };
		355F60DA2A77CBAE0098DFEB /* LandmarkDetail.swift in Sources */ = {isa = PBXBuildFile; fileRef = 355F60D92A77CBAE0098DFEB /* LandmarkDetail.swift */; };
		35949DA12A76835D0093234C /* SwiftTutorialApp.swift in Sources */ = {isa = PBXBuildFile; fileRef = 35949DA02A76835D0093234C /* SwiftTutorialApp.swift */; };
		35949DA32A76835D0093234C /* ContentView.swift in Sources */ = {isa = PBXBuildFile; fileRef = 35949DA22A76835D0093234C /* ContentView.swift */; };
		35949DA52A7683600093234C /* Assets.xcassets in Resources */ = {isa = PBXBuildFile; fileRef = 35949DA42A7683600093234C /* Assets.xcassets */; };
		35949DA82A7683600093234C /* Preview Assets.xcassets in Resources */ = {isa = PBXBuildFile; fileRef = 35949DA72A7683600093234C /* Preview Assets.xcassets */; };
		35949DAF2A7683880093234C /* CircleImage.swift in Sources */ = {isa = PBXBuildFile; fileRef = 35949DAE2A7683880093234C /* CircleImage.swift */; };
		35949DB12A7689AF0093234C /* MapView.swift in Sources */ = {isa = PBXBuildFile; fileRef = 35949DB02A7689AE0093234C /* MapView.swift */; };
/* End PBXBuildFile section */

/* Begin PBXFileReference section */
		355F44792A77060B00DEB7EA /* landmarkData.json */ = {isa = PBXFileReference; fileEncoding = 4; lastKnownFileType = text.json; path = landmarkData.json; sourceTree = "<group>"; };
		355F447C2A7706E000DEB7EA /* Landmark.swift */ = {isa = PBXFileReference; lastKnownFileType = sourcecode.swift; path = Landmark.swift; sourceTree = "<group>"; };
		355F44952A770F1F00DEB7EA /* ModalData.swift */ = {isa = PBXFileReference; lastKnownFileType = sourcecode.swift; path = ModalData.swift; sourceTree = "<group>"; };
		355F44992A77156F00DEB7EA /* LandmarkRow.swift */ = {isa = PBXFileReference; lastKnownFileType = sourcecode.swift; path = LandmarkRow.swift; sourceTree = "<group>"; };
		355F60D72A77C3750098DFEB /* LandmarkList.swift */ = {isa = PBXFileReference; lastKnownFileType = sourcecode.swift; path = LandmarkList.swift; sourceTree = "<group>"; };
		355F60D92A77CBAE0098DFEB /* LandmarkDetail.swift */ = {isa = PBXFileReference; lastKnownFileType = sourcecode.swift; path = LandmarkDetail.swift; sourceTree = "<group>"; };
		35949D9D2A76835D0093234C /* SwiftTutorial.app */ = {isa = PBXFileReference; explicitFileType = wrapper.application; includeInIndex = 0; path = SwiftTutorial.app; sourceTree = BUILT_PRODUCTS_DIR; };
		35949DA02A76835D0093234C /* SwiftTutorialApp.swift */ = {isa = PBXFileReference; lastKnownFileType = sourcecode.swift; path = SwiftTutorialApp.swift; sourceTree = "<group>"; };
		35949DA22A76835D0093234C /* ContentView.swift */ = {isa = PBXFileReference; lastKnownFileType = sourcecode.swift; path = ContentView.swift; sourceTree = "<group>"; };
		35949DA42A7683600093234C /* Assets.xcassets */ = {isa = PBXFileReference; lastKnownFileType = folder.assetcatalog; path = Assets.xcassets; sourceTree = "<group>"; };
		35949DA72A7683600093234C /* Preview Assets.xcassets */ = {isa = PBXFileReference; lastKnownFileType = folder.assetcatalog; path = "Preview Assets.xcassets"; sourceTree = "<group>"; };
		35949DAE2A7683880093234C /* CircleImage.swift */ = {isa = PBXFileReference; lastKnownFileType = sourcecode.swift; path = CircleImage.swift; sourceTree = "<group>"; };
		35949DB02A7689AE0093234C /* MapView.swift */ = {isa = PBXFileReference; lastKnownFileType = sourcecode.swift; path = MapView.swift; sourceTree = "<group>"; };
/* End PBXFileReference section */

/* Begin PBXFrameworksBuildPhase section */
		35949D9A2A76835D0093234C /* Frameworks */ = {
			isa = PBXFrameworksBuildPhase;
			buildActionMask = 2147483647;
			files = (
			);
			runOnlyForDeploymentPostprocessing = 0;
		};
/* End PBXFrameworksBuildPhase section */

/* Begin PBXGroup section */
		355F44782A7705EE00DEB7EA /* Resources */ = {
			isa = PBXGroup;
			children = (
				355F44792A77060B00DEB7EA /* landmarkData.json */,
			);
			path = Resources;
			sourceTree = "<group>";
		};
		355F447B2A7706B200DEB7EA /* Modal */ = {
			isa = PBXGroup;
			children = (
				355F447C2A7706E000DEB7EA /* Landmark.swift */,
				355F44952A770F1F00DEB7EA /* ModalData.swift */,
			);
			path = Modal;
			sourceTree = "<group>";
		};
		35949D942A76835D0093234C = {
			isa = PBXGroup;
			children = (
				35949D9F2A76835D0093234C /* SwiftTutorial */,
				35949D9E2A76835D0093234C /* Products */,
			);
			sourceTree = "<group>";
		};
		35949D9E2A76835D0093234C /* Products */ = {
			isa = PBXGroup;
			children = (
				35949D9D2A76835D0093234C /* SwiftTutorial.app */,
			);
			name = Products;
			sourceTree = "<group>";
		};
		35949D9F2A76835D0093234C /* SwiftTutorial */ = {
			isa = PBXGroup;
			children = (
				35BE52FD2A768FF700384360 /* Views */,
				355F447B2A7706B200DEB7EA /* Modal */,
				355F44782A7705EE00DEB7EA /* Resources */,
				35949DA02A76835D0093234C /* SwiftTutorialApp.swift */,
				35949DA42A7683600093234C /* Assets.xcassets */,
				35949DA62A7683600093234C /* Preview Content */,
			);
			path = SwiftTutorial;
			sourceTree = "<group>";
		};
		35949DA62A7683600093234C /* Preview Content */ = {
			isa = PBXGroup;
			children = (
				35949DA72A7683600093234C /* Preview Assets.xcassets */,
			);
			path = "Preview Content";
			sourceTree = "<group>";
		};
		35BE52FD2A768FF700384360 /* Views */ = {
			isa = PBXGroup;
			children = (
				35949DAE2A7683880093234C /* CircleImage.swift */,
				35949DA22A76835D0093234C /* ContentView.swift */,
				35949DB02A7689AE0093234C /* MapView.swift */,
				355F44992A77156F00DEB7EA /* LandmarkRow.swift */,
				355F60D72A77C3750098DFEB /* LandmarkList.swift */,
				355F60D92A77CBAE0098DFEB /* LandmarkDetail.swift */,
			);
			path = Views;
			sourceTree = "<group>";
		};
/* End PBXGroup section */

/* Begin PBXNativeTarget section */
		35949D9C2A76835D0093234C /* SwiftTutorial */ = {
			isa = PBXNativeTarget;
			buildConfigurationList = 35949DAB2A7683600093234C /* Build configuration list for PBXNativeTarget "SwiftTutorial" */;
			buildPhases = (
				35949D992A76835D0093234C /* Sources */,
				35949D9A2A76835D0093234C /* Frameworks */,
				35949D9B2A76835D0093234C /* Resources */,
			);
			buildRules = (
			);
			dependencies = (
			);
			name = SwiftTutorial;
			productName = SwiftTutorial;
			productReference = 35949D9D2A76835D0093234C /* SwiftTutorial.app */;
			productType = "com.apple.product-type.application";
		};
/* End PBXNativeTarget section */

/* Begin PBXProject section */
		35949D952A76835D0093234C /* Project object */ = {
			isa = PBXProject;
			attributes = {
				BuildIndependentTargetsInParallel = 1;
				LastSwiftUpdateCheck = 1430;
				LastUpgradeCheck = 1430;
				TargetAttributes = {
					35949D9C2A76835D0093234C = {
						CreatedOnToolsVersion = 14.3.1;
					};
				};
			};
			buildConfigurationList = 35949D982A76835D0093234C /* Build configuration list for PBXProject "SwiftTutorial" */;
			compatibilityVersion = "Xcode 14.0";
			developmentRegion = en;
			hasScannedForEncodings = 0;
			knownRegions = (
				en,
				Base,
			);
			mainGroup = 35949D942A76835D0093234C;
			productRefGroup = 35949D9E2A76835D0093234C /* Products */;
			projectDirPath = "";
			projectRoot = "";
			targets = (
				35949D9C2A76835D0093234C /* SwiftTutorial */,
			);
		};
/* End PBXProject section */

/* Begin PBXResourcesBuildPhase section */
		35949D9B2A76835D0093234C /* Resources */ = {
			isa = PBXResourcesBuildPhase;
			buildActionMask = 2147483647;
			files = (
				35949DA82A7683600093234C /* Preview Assets.xcassets in Resources */,
				35949DA52A7683600093234C /* Assets.xcassets in Resources */,
				355F447A2A77060B00DEB7EA /* landmarkData.json in Resources */,
			);
			runOnlyForDeploymentPostprocessing = 0;
		};
/* End PBXResourcesBuildPhase section */

/* Begin PBXSourcesBuildPhase section */
		35949D992A76835D0093234C /* Sources */ = {
			isa = PBXSourcesBuildPhase;
			buildActionMask = 2147483647;
			files = (
				35949DA32A76835D0093234C /* ContentView.swift in Sources */,
				35949DB12A7689AF0093234C /* MapView.swift in Sources */,
				35949DA12A76835D0093234C /* SwiftTutorialApp.swift in Sources */,
				355F60D82A77C3750098DFEB /* LandmarkList.swift in Sources */,
				355F60DA2A77CBAE0098DFEB /* LandmarkDetail.swift in Sources */,
				35949DAF2A7683880093234C /* CircleImage.swift in Sources */,
				355F447D2A7706E000DEB7EA /* Landmark.swift in Sources */,
				355F449A2A77156F00DEB7EA /* LandmarkRow.swift in Sources */,
				355F44962A770F1F00DEB7EA /* ModalData.swift in Sources */,
			);
			runOnlyForDeploymentPostprocessing = 0;
		};
/* End PBXSourcesBuildPhase section */

/* Begin XCBuildConfiguration section */
		35949DA92A7683600093234C /* Debug */ = {
			isa = XCBuildConfiguration;
			buildSettings = {
				ALWAYS_SEARCH_USER_PATHS = NO;
				CLANG_ANALYZER_NONNULL = YES;
				CLANG_ANALYZER_NUMBER_OBJECT_CONVERSION = YES_AGGRESSIVE;
				CLANG_CXX_LANGUAGE_STANDARD = "gnu++20";
				CLANG_ENABLE_MODULES = YES;
				CLANG_ENABLE_OBJC_ARC = YES;
				CLANG_ENABLE_OBJC_WEAK = YES;
				CLANG_WARN_BLOCK_CAPTURE_AUTORELEASING = YES;
				CLANG_WARN_BOOL_CONVERSION = YES;
				CLANG_WARN_COMMA = YES;
				CLANG_WARN_CONSTANT_CONVERSION = YES;
				CLANG_WARN_DEPRECATED_OBJC_IMPLEMENTATIONS = YES;
				CLANG_WARN_DIRECT_OBJC_ISA_USAGE = YES_ERROR;
				CLANG_WARN_DOCUMENTATION_COMMENTS = YES;
				CLANG_WARN_EMPTY_BODY = YES;
				CLANG_WARN_ENUM_CONVERSION = YES;
				CLANG_WARN_INFINITE_RECURSION = YES;
				CLANG_WARN_INT_CONVERSION = YES;
				CLANG_WARN_NON_LITERAL_NULL_CONVERSION = YES;
				CLANG_WARN_OBJC_IMPLICIT_RETAIN_SELF = YES;
				CLANG_WARN_OBJC_LITERAL_CONVERSION = YES;
				CLANG_WARN_OBJC_ROOT_CLASS = YES_ERROR;
				CLANG_WARN_QUOTED_INCLUDE_IN_FRAMEWORK_HEADER = YES;
				CLANG_WARN_RANGE_LOOP_ANALYSIS = YES;
				CLANG_WARN_STRICT_PROTOTYPES = YES;
				CLANG_WARN_SUSPICIOUS_MOVE = YES;
				CLANG_WARN_UNGUARDED_AVAILABILITY = YES_AGGRESSIVE;
				CLANG_WARN_UNREACHABLE_CODE = YES;
				CLANG_WARN__DUPLICATE_METHOD_MATCH = YES;
				COPY_PHASE_STRIP = NO;
				DEBUG_INFORMATION_FORMAT = dwarf;
				ENABLE_STRICT_OBJC_MSGSEND = YES;
				ENABLE_TESTABILITY = YES;
				GCC_C_LANGUAGE_STANDARD = gnu11;
				GCC_DYNAMIC_NO_PIC = NO;
				GCC_NO_COMMON_BLOCKS = YES;
				GCC_OPTIMIZATION_LEVEL = 0;
				GCC_PREPROCESSOR_DEFINITIONS = (
					"DEBUG=1",
					"$(inherited)",
				);
				GCC_WARN_64_TO_32_BIT_CONVERSION = YES;
				GCC_WARN_ABOUT_RETURN_TYPE = YES_ERROR;
				GCC_WARN_UNDECLARED_SELECTOR = YES;
				GCC_WARN_UNINITIALIZED_AUTOS = YES_AGGRESSIVE;
				GCC_WARN_UNUSED_FUNCTION = YES;
				GCC_WARN_UNUSED_VARIABLE = YES;
				IPHONEOS_DEPLOYMENT_TARGET = 16.4;
				MTL_ENABLE_DEBUG_INFO = INCLUDE_SOURCE;
				MTL_FAST_MATH = YES;
				ONLY_ACTIVE_ARCH = YES;
				SDKROOT = iphoneos;
				SWIFT_ACTIVE_COMPILATION_CONDITIONS = DEBUG;
				SWIFT_OPTIMIZATION_LEVEL = "-Onone";
			};
			name = Debug;
		};
		35949DAA2A7683600093234C /* Release */ = {
			isa = XCBuildConfiguration;
			buildSettings = {
				ALWAYS_SEARCH_USER_PATHS = NO;
				CLANG_ANALYZER_NONNULL = YES;
				CLANG_ANALYZER_NUMBER_OBJECT_CONVERSION = YES_AGGRESSIVE;
				CLANG_CXX_LANGUAGE_STANDARD = "gnu++20";
				CLANG_ENABLE_MODULES = YES;
				CLANG_ENABLE_OBJC_ARC = YES;
				CLANG_ENABLE_OBJC_WEAK = YES;
				CLANG_WARN_BLOCK_CAPTURE_AUTORELEASING = YES;
				CLANG_WARN_BOOL_CONVERSION = YES;
				CLANG_WARN_COMMA = YES;
				CLANG_WARN_CONSTANT_CONVERSION = YES;
				CLANG_WARN_DEPRECATED_OBJC_IMPLEMENTATIONS = YES;
				CLANG_WARN_DIRECT_OBJC_ISA_USAGE = YES_ERROR;
				CLANG_WARN_DOCUMENTATION_COMMENTS = YES;
				CLANG_WARN_EMPTY_BODY = YES;
				CLANG_WARN_ENUM_CONVERSION = YES;
				CLANG_WARN_INFINITE_RECURSION = YES;
				CLANG_WARN_INT_CONVERSION = YES;
				CLANG_WARN_NON_LITERAL_NULL_CONVERSION = YES;
				CLANG_WARN_OBJC_IMPLICIT_RETAIN_SELF = YES;
				CLANG_WARN_OBJC_LITERAL_CONVERSION = YES;
				CLANG_WARN_OBJC_ROOT_CLASS = YES_ERROR;
				CLANG_WARN_QUOTED_INCLUDE_IN_FRAMEWORK_HEADER = YES;
				CLANG_WARN_RANGE_LOOP_ANALYSIS = YES;
				CLANG_WARN_STRICT_PROTOTYPES = YES;
				CLANG_WARN_SUSPICIOUS_MOVE = YES;
				CLANG_WARN_UNGUARDED_AVAILABILITY = YES_AGGRESSIVE;
				CLANG_WARN_UNREACHABLE_CODE = YES;
				CLANG_WARN__DUPLICATE_METHOD_MATCH = YES;
				COPY_PHASE_STRIP = NO;
				DEBUG_INFORMATION_FORMAT = "dwarf-with-dsym";
				ENABLE_NS_ASSERTIONS = NO;
				ENABLE_STRICT_OBJC_MSGSEND = YES;
				GCC_C_LANGUAGE_STANDARD = gnu11;
				GCC_NO_COMMON_BLOCKS = YES;
				GCC_WARN_64_TO_32_BIT_CONVERSION = YES;
				GCC_WARN_ABOUT_RETURN_TYPE = YES_ERROR;
				GCC_WARN_UNDECLARED_SELECTOR = YES;
				GCC_WARN_UNINITIALIZED_AUTOS = YES_AGGRESSIVE;
				GCC_WARN_UNUSED_FUNCTION = YES;
				GCC_WARN_UNUSED_VARIABLE = YES;
				IPHONEOS_DEPLOYMENT_TARGET = 16.4;
				MTL_ENABLE_DEBUG_INFO = NO;
				MTL_FAST_MATH = YES;
				SDKROOT = iphoneos;
				SWIFT_COMPILATION_MODE = wholemodule;
				SWIFT_OPTIMIZATION_LEVEL = "-O";
				VALIDATE_PRODUCT = YES;
			};
			name = Release;
		};
		35949DAC2A7683600093234C /* Debug */ = {
			isa = XCBuildConfiguration;
			buildSettings = {
				ASSETCATALOG_COMPILER_APPICON_NAME = AppIcon;
				ASSETCATALOG_COMPILER_GLOBAL_ACCENT_COLOR_NAME = AccentColor;
				CODE_SIGN_STYLE = Automatic;
				CURRENT_PROJECT_VERSION = 1;
				DEVELOPMENT_ASSET_PATHS = "\"SwiftTutorial/Preview Content\"";
				DEVELOPMENT_TEAM = 73P5VLU884;
				ENABLE_PREVIEWS = YES;
				GENERATE_INFOPLIST_FILE = YES;
				INFOPLIST_KEY_UIApplicationSceneManifest_Generation = YES;
				INFOPLIST_KEY_UIApplicationSupportsIndirectInputEvents = YES;
				INFOPLIST_KEY_UILaunchScreen_Generation = YES;
				INFOPLIST_KEY_UISupportedInterfaceOrientations_iPad = "UIInterfaceOrientationPortrait UIInterfaceOrientationPortraitUpsideDown UIInterfaceOrientationLandscapeLeft UIInterfaceOrientationLandscapeRight";
				INFOPLIST_KEY_UISupportedInterfaceOrientations_iPhone = "UIInterfaceOrientationPortrait UIInterfaceOrientationLandscapeLeft UIInterfaceOrientationLandscapeRight";
				LD_RUNPATH_SEARCH_PATHS = (
					"$(inherited)",
					"@executable_path/Frameworks",
				);
				MARKETING_VERSION = 1.0;
				PRODUCT_BUNDLE_IDENTIFIER = io.prgacademy.SwiftTutorial;
				PRODUCT_NAME = "$(TARGET_NAME)";
				SWIFT_EMIT_LOC_STRINGS = YES;
				SWIFT_VERSION = 5.0;
				TARGETED_DEVICE_FAMILY = "1,2";
			};
			name = Debug;
		};
		35949DAD2A7683600093234C /* Release */ = {
			isa = XCBuildConfiguration;
			buildSettings = {
				ASSETCATALOG_COMPILER_APPICON_NAME = AppIcon;
				ASSETCATALOG_COMPILER_GLOBAL_ACCENT_COLOR_NAME = AccentColor;
				CODE_SIGN_STYLE = Automatic;
				CURRENT_PROJECT_VERSION = 1;
				DEVELOPMENT_ASSET_PATHS = "\"SwiftTutorial/Preview Content\"";
				DEVELOPMENT_TEAM = 73P5VLU884;
				ENABLE_PREVIEWS = YES;
				GENERATE_INFOPLIST_FILE = YES;
				INFOPLIST_KEY_UIApplicationSceneManifest_Generation = YES;
				INFOPLIST_KEY_UIApplicationSupportsIndirectInputEvents = YES;
				INFOPLIST_KEY_UILaunchScreen_Generation = YES;
				INFOPLIST_KEY_UISupportedInterfaceOrientations_iPad = "UIInterfaceOrientationPortrait UIInterfaceOrientationPortraitUpsideDown UIInterfaceOrientationLandscapeLeft UIInterfaceOrientationLandscapeRight";
				INFOPLIST_KEY_UISupportedInterfaceOrientations_iPhone = "UIInterfaceOrientationPortrait UIInterfaceOrientationLandscapeLeft UIInterfaceOrientationLandscapeRight";
				LD_RUNPATH_SEARCH_PATHS = (
					"$(inherited)",
					"@executable_path/Frameworks",
				);
				MARKETING_VERSION = 1.0;
				PRODUCT_BUNDLE_IDENTIFIER = io.prgacademy.SwiftTutorial;
				PRODUCT_NAME = "$(TARGET_NAME)";
				SWIFT_EMIT_LOC_STRINGS = YES;
				SWIFT_VERSION = 5.0;
				TARGETED_DEVICE_FAMILY = "1,2";
			};
			name = Release;
		};
/* End XCBuildConfiguration section */

/* Begin XCConfigurationList section */
		35949D982A76835D0093234C /* Build configuration list for PBXProject "SwiftTutorial" */ = {
			isa = XCConfigurationList;
			buildConfigurations = (
				35949DA92A7683600093234C /* Debug */,
				35949DAA2A7683600093234C /* Release */,
			);
			defaultConfigurationIsVisible = 0;
			defaultConfigurationName = Release;
		};
		35949DAB2A7683600093234C /* Build configuration list for PBXNativeTarget "SwiftTutorial" */ = {
			isa = XCConfigurationList;
			buildConfigurations = (
				35949DAC2A7683600093234C /* Debug */,
				35949DAD2A7683600093234C /* Release */,
			);
			defaultConfigurationIsVisible = 0;
			defaultConfigurationName = Release;
		};
/* End XCConfigurationList section */
	};
	rootObject = 35949D952A76835D0093234C /* Project object */;
}
