// !$*UTF8*$!
{
	archiveVersion = 1;
	classes = {
	};
	objectVersion = 56;
	objects = {

/* Begin PBXBuildFile section */
		35542C862BDE4B35008AD341 /* CoreDataBootcampApp.swift in Sources */ = {isa = PBXBuildFile; fileRef = 35542C852BDE4B35008AD341 /* CoreDataBootcampApp.swift */; };
		35542C882BDE4B35008AD341 /* Persistence.swift in Sources */ = {isa = PBXBuildFile; fileRef = 35542C872BDE4B35008AD341 /* Persistence.swift */; };
		35542C8B2BDE4B35008AD341 /* CoreDataBootcamp.xcdatamodeld in Sources */ = {isa = PBXBuildFile; fileRef = 35542C892BDE4B35008AD341 /* CoreDataBootcamp.xcdatamodeld */; };
		35542C8D2BDE4B35008AD341 /* ContentView.swift in Sources */ = {isa = PBXBuildFile; fileRef = 35542C8C2BDE4B35008AD341 /* ContentView.swift */; };
		35542C8F2BDE4B3A008AD341 /* Assets.xcassets in Resources */ = {isa = PBXBuildFile; fileRef = 35542C8E2BDE4B3A008AD341 /* Assets.xcassets */; };
		35542C932BDE4B3A008AD341 /* Preview Assets.xcassets in Resources */ = {isa = PBXBuildFile; fileRef = 35542C922BDE4B3A008AD341 /* Preview Assets.xcassets */; };
		35542C9D2BDE4B3B008AD341 /* CoreDataBootcampTests.swift in Sources */ = {isa = PBXBuildFile; fileRef = 35542C9C2BDE4B3B008AD341 /* CoreDataBootcampTests.swift */; };
		35542CA72BDE4B3B008AD341 /* CoreDataBootcampUITests.swift in Sources */ = {isa = PBXBuildFile; fileRef = 35542CA62BDE4B3B008AD341 /* CoreDataBootcampUITests.swift */; };
		35542CA92BDE4B3B008AD341 /* CoreDataBootcampUITestsLaunchTests.swift in Sources */ = {isa = PBXBuildFile; fileRef = 35542CA82BDE4B3B008AD341 /* CoreDataBootcampUITestsLaunchTests.swift */; };
/* End PBXBuildFile section */

/* Begin PBXContainerItemProxy section */
		35542C992BDE4B3B008AD341 /* PBXContainerItemProxy */ = {
			isa = PBXContainerItemProxy;
			containerPortal = 35542C7A2BDE4B35008AD341 /* Project object */;
			proxyType = 1;
			remoteGlobalIDString = 35542C812BDE4B35008AD341;
			remoteInfo = CoreDataBootcamp;
		};
		35542CA32BDE4B3B008AD341 /* PBXContainerItemProxy */ = {
			isa = PBXContainerItemProxy;
			containerPortal = 35542C7A2BDE4B35008AD341 /* Project object */;
			proxyType = 1;
			remoteGlobalIDString = 35542C812BDE4B35008AD341;
			remoteInfo = CoreDataBootcamp;
		};
/* End PBXContainerItemProxy section */

/* Begin PBXFileReference section */
		35542C822BDE4B35008AD341 /* CoreDataBootcamp.app */ = {isa = PBXFileReference; explicitFileType = wrapper.application; includeInIndex = 0; path = CoreDataBootcamp.app; sourceTree = BUILT_PRODUCTS_DIR; };
		35542C852BDE4B35008AD341 /* CoreDataBootcampApp.swift */ = {isa = PBXFileReference; lastKnownFileType = sourcecode.swift; path = CoreDataBootcampApp.swift; sourceTree = "<group>"; };
		35542C872BDE4B35008AD341 /* Persistence.swift */ = {isa = PBXFileReference; lastKnownFileType = sourcecode.swift; path = Persistence.swift; sourceTree = "<group>"; };
		35542C8A2BDE4B35008AD341 /* CoreDataBootcamp.xcdatamodel */ = {isa = PBXFileReference; lastKnownFileType = wrapper.xcdatamodel; path = CoreDataBootcamp.xcdatamodel; sourceTree = "<group>"; };
		35542C8C2BDE4B35008AD341 /* ContentView.swift */ = {isa = PBXFileReference; lastKnownFileType = sourcecode.swift; path = ContentView.swift; sourceTree = "<group>"; };
		35542C8E2BDE4B3A008AD341 /* Assets.xcassets */ = {isa = PBXFileReference; lastKnownFileType = folder.assetcatalog; path = Assets.xcassets; sourceTree = "<group>"; };
		35542C902BDE4B3A008AD341 /* CoreDataBootcamp.entitlements */ = {isa = PBXFileReference; lastKnownFileType = text.plist.entitlements; path = CoreDataBootcamp.entitlements; sourceTree = "<group>"; };
		35542C922BDE4B3A008AD341 /* Preview Assets.xcassets */ = {isa = PBXFileReference; lastKnownFileType = folder.assetcatalog; path = "Preview Assets.xcassets"; sourceTree = "<group>"; };
		35542C982BDE4B3B008AD341 /* CoreDataBootcampTests.xctest */ = {isa = PBXFileReference; explicitFileType = wrapper.cfbundle; includeInIndex = 0; path = CoreDataBootcampTests.xctest; sourceTree = BUILT_PRODUCTS_DIR; };
		35542C9C2BDE4B3B008AD341 /* CoreDataBootcampTests.swift */ = {isa = PBXFileReference; lastKnownFileType = sourcecode.swift; path = CoreDataBootcampTests.swift; sourceTree = "<group>"; };
		35542CA22BDE4B3B008AD341 /* CoreDataBootcampUITests.xctest */ = {isa = PBXFileReference; explicitFileType = wrapper.cfbundle; includeInIndex = 0; path = CoreDataBootcampUITests.xctest; sourceTree = BUILT_PRODUCTS_DIR; };
		35542CA62BDE4B3B008AD341 /* CoreDataBootcampUITests.swift */ = {isa = PBXFileReference; lastKnownFileType = sourcecode.swift; path = CoreDataBootcampUITests.swift; sourceTree = "<group>"; };
		35542CA82BDE4B3B008AD341 /* CoreDataBootcampUITestsLaunchTests.swift */ = {isa = PBXFileReference; lastKnownFileType = sourcecode.swift; path = CoreDataBootcampUITestsLaunchTests.swift; sourceTree = "<group>"; };
/* End PBXFileReference section */

/* Begin PBXFrameworksBuildPhase section */
		35542C7F2BDE4B35008AD341 /* Frameworks */ = {
			isa = PBXFrameworksBuildPhase;
			buildActionMask = 2147483647;
			files = (
			);
			runOnlyForDeploymentPostprocessing = 0;
		};
		35542C952BDE4B3B008AD341 /* Frameworks */ = {
			isa = PBXFrameworksBuildPhase;
			buildActionMask = 2147483647;
			files = (
			);
			runOnlyForDeploymentPostprocessing = 0;
		};
		35542C9F2BDE4B3B008AD341 /* Frameworks */ = {
			isa = PBXFrameworksBuildPhase;
			buildActionMask = 2147483647;
			files = (
			);
			runOnlyForDeploymentPostprocessing = 0;
		};
/* End PBXFrameworksBuildPhase section */

/* Begin PBXGroup section */
		35542C792BDE4B35008AD341 = {
			isa = PBXGroup;
			children = (
				35542C842BDE4B35008AD341 /* CoreDataBootcamp */,
				35542C9B2BDE4B3B008AD341 /* CoreDataBootcampTests */,
				35542CA52BDE4B3B008AD341 /* CoreDataBootcampUITests */,
				35542C832BDE4B35008AD341 /* Products */,
			);
			sourceTree = "<group>";
		};
		35542C832BDE4B35008AD341 /* Products */ = {
			isa = PBXGroup;
			children = (
				35542C822BDE4B35008AD341 /* CoreDataBootcamp.app */,
				35542C982BDE4B3B008AD341 /* CoreDataBootcampTests.xctest */,
				35542CA22BDE4B3B008AD341 /* CoreDataBootcampUITests.xctest */,
			);
			name = Products;
			sourceTree = "<group>";
		};
		35542C842BDE4B35008AD341 /* CoreDataBootcamp */ = {
			isa = PBXGroup;
			children = (
				35542C852BDE4B35008AD341 /* CoreDataBootcampApp.swift */,
				35542C872BDE4B35008AD341 /* Persistence.swift */,
				35542C8C2BDE4B35008AD341 /* ContentView.swift */,
				35542C8E2BDE4B3A008AD341 /* Assets.xcassets */,
				35542C902BDE4B3A008AD341 /* CoreDataBootcamp.entitlements */,
				35542C892BDE4B35008AD341 /* CoreDataBootcamp.xcdatamodeld */,
				35542C912BDE4B3A008AD341 /* Preview Content */,
			);
			path = CoreDataBootcamp;
			sourceTree = "<group>";
		};
		35542C912BDE4B3A008AD341 /* Preview Content */ = {
			isa = PBXGroup;
			children = (
				35542C922BDE4B3A008AD341 /* Preview Assets.xcassets */,
			);
			path = "Preview Content";
			sourceTree = "<group>";
		};
		35542C9B2BDE4B3B008AD341 /* CoreDataBootcampTests */ = {
			isa = PBXGroup;
			children = (
				35542C9C2BDE4B3B008AD341 /* CoreDataBootcampTests.swift */,
			);
			path = CoreDataBootcampTests;
			sourceTree = "<group>";
		};
		35542CA52BDE4B3B008AD341 /* CoreDataBootcampUITests */ = {
			isa = PBXGroup;
			children = (
				35542CA62BDE4B3B008AD341 /* CoreDataBootcampUITests.swift */,
				35542CA82BDE4B3B008AD341 /* CoreDataBootcampUITestsLaunchTests.swift */,
			);
			path = CoreDataBootcampUITests;
			sourceTree = "<group>";
		};
/* End PBXGroup section */

/* Begin PBXNativeTarget section */
		35542C812BDE4B35008AD341 /* CoreDataBootcamp */ = {
			isa = PBXNativeTarget;
			buildConfigurationList = 35542CAC2BDE4B3B008AD341 /* Build configuration list for PBXNativeTarget "CoreDataBootcamp" */;
			buildPhases = (
				35542C7E2BDE4B35008AD341 /* Sources */,
				35542C7F2BDE4B35008AD341 /* Frameworks */,
				35542C802BDE4B35008AD341 /* Resources */,
			);
			buildRules = (
			);
			dependencies = (
			);
			name = CoreDataBootcamp;
			productName = CoreDataBootcamp;
			productReference = 35542C822BDE4B35008AD341 /* CoreDataBootcamp.app */;
			productType = "com.apple.product-type.application";
		};
		35542C972BDE4B3B008AD341 /* CoreDataBootcampTests */ = {
			isa = PBXNativeTarget;
			buildConfigurationList = 35542CAF2BDE4B3B008AD341 /* Build configuration list for PBXNativeTarget "CoreDataBootcampTests" */;
			buildPhases = (
				35542C942BDE4B3B008AD341 /* Sources */,
				35542C952BDE4B3B008AD341 /* Frameworks */,
				35542C962BDE4B3B008AD341 /* Resources */,
			);
			buildRules = (
			);
			dependencies = (
				35542C9A2BDE4B3B008AD341 /* PBXTargetDependency */,
			);
			name = CoreDataBootcampTests;
			productName = CoreDataBootcampTests;
			productReference = 35542C982BDE4B3B008AD341 /* CoreDataBootcampTests.xctest */;
			productType = "com.apple.product-type.bundle.unit-test";
		};
		35542CA12BDE4B3B008AD341 /* CoreDataBootcampUITests */ = {
			isa = PBXNativeTarget;
			buildConfigurationList = 35542CB22BDE4B3B008AD341 /* Build configuration list for PBXNativeTarget "CoreDataBootcampUITests" */;
			buildPhases = (
				35542C9E2BDE4B3B008AD341 /* Sources */,
				35542C9F2BDE4B3B008AD341 /* Frameworks */,
				35542CA02BDE4B3B008AD341 /* Resources */,
			);
			buildRules = (
			);
			dependencies = (
				35542CA42BDE4B3B008AD341 /* PBXTargetDependency */,
			);
			name = CoreDataBootcampUITests;
			productName = CoreDataBootcampUITests;
			productReference = 35542CA22BDE4B3B008AD341 /* CoreDataBootcampUITests.xctest */;
			productType = "com.apple.product-type.bundle.ui-testing";
		};
/* End PBXNativeTarget section */

/* Begin PBXProject section */
		35542C7A2BDE4B35008AD341 /* Project object */ = {
			isa = PBXProject;
			attributes = {
				BuildIndependentTargetsInParallel = 1;
				LastSwiftUpdateCheck = 1530;
				LastUpgradeCheck = 1530;
				TargetAttributes = {
					35542C812BDE4B35008AD341 = {
						CreatedOnToolsVersion = 15.3;
					};
					35542C972BDE4B3B008AD341 = {
						CreatedOnToolsVersion = 15.3;
						TestTargetID = 35542C812BDE4B35008AD341;
					};
					35542CA12BDE4B3B008AD341 = {
						CreatedOnToolsVersion = 15.3;
						TestTargetID = 35542C812BDE4B35008AD341;
					};
				};
			};
			buildConfigurationList = 35542C7D2BDE4B35008AD341 /* Build configuration list for PBXProject "CoreDataBootcamp" */;
			compatibilityVersion = "Xcode 14.0";
			developmentRegion = en;
			hasScannedForEncodings = 0;
			knownRegions = (
				en,
				Base,
			);
			mainGroup = 35542C792BDE4B35008AD341;
			productRefGroup = 35542C832BDE4B35008AD341 /* Products */;
			projectDirPath = "";
			projectRoot = "";
			targets = (
				35542C812BDE4B35008AD341 /* CoreDataBootcamp */,
				35542C972BDE4B3B008AD341 /* CoreDataBootcampTests */,
				35542CA12BDE4B3B008AD341 /* CoreDataBootcampUITests */,
			);
		};
/* End PBXProject section */

/* Begin PBXResourcesBuildPhase section */
		35542C802BDE4B35008AD341 /* Resources */ = {
			isa = PBXResourcesBuildPhase;
			buildActionMask = 2147483647;
			files = (
				35542C932BDE4B3A008AD341 /* Preview Assets.xcassets in Resources */,
				35542C8F2BDE4B3A008AD341 /* Assets.xcassets in Resources */,
			);
			runOnlyForDeploymentPostprocessing = 0;
		};
		35542C962BDE4B3B008AD341 /* Resources */ = {
			isa = PBXResourcesBuildPhase;
			buildActionMask = 2147483647;
			files = (
			);
			runOnlyForDeploymentPostprocessing = 0;
		};
		35542CA02BDE4B3B008AD341 /* Resources */ = {
			isa = PBXResourcesBuildPhase;
			buildActionMask = 2147483647;
			files = (
			);
			runOnlyForDeploymentPostprocessing = 0;
		};
/* End PBXResourcesBuildPhase section */

/* Begin PBXSourcesBuildPhase section */
		35542C7E2BDE4B35008AD341 /* Sources */ = {
			isa = PBXSourcesBuildPhase;
			buildActionMask = 2147483647;
			files = (
				35542C8B2BDE4B35008AD341 /* CoreDataBootcamp.xcdatamodeld in Sources */,
				35542C862BDE4B35008AD341 /* CoreDataBootcampApp.swift in Sources */,
				35542C8D2BDE4B35008AD341 /* ContentView.swift in Sources */,
				35542C882BDE4B35008AD341 /* Persistence.swift in Sources */,
			);
			runOnlyForDeploymentPostprocessing = 0;
		};
		35542C942BDE4B3B008AD341 /* Sources */ = {
			isa = PBXSourcesBuildPhase;
			buildActionMask = 2147483647;
			files = (
				35542C9D2BDE4B3B008AD341 /* CoreDataBootcampTests.swift in Sources */,
			);
			runOnlyForDeploymentPostprocessing = 0;
		};
		35542C9E2BDE4B3B008AD341 /* Sources */ = {
			isa = PBXSourcesBuildPhase;
			buildActionMask = 2147483647;
			files = (
				35542CA92BDE4B3B008AD341 /* CoreDataBootcampUITestsLaunchTests.swift in Sources */,
				35542CA72BDE4B3B008AD341 /* CoreDataBootcampUITests.swift in Sources */,
			);
			runOnlyForDeploymentPostprocessing = 0;
		};
/* End PBXSourcesBuildPhase section */

/* Begin PBXTargetDependency section */
		35542C9A2BDE4B3B008AD341 /* PBXTargetDependency */ = {
			isa = PBXTargetDependency;
			target = 35542C812BDE4B35008AD341 /* CoreDataBootcamp */;
			targetProxy = 35542C992BDE4B3B008AD341 /* PBXContainerItemProxy */;
		};
		35542CA42BDE4B3B008AD341 /* PBXTargetDependency */ = {
			isa = PBXTargetDependency;
			target = 35542C812BDE4B35008AD341 /* CoreDataBootcamp */;
			targetProxy = 35542CA32BDE4B3B008AD341 /* PBXContainerItemProxy */;
		};
/* End PBXTargetDependency section */

/* Begin XCBuildConfiguration section */
		35542CAA2BDE4B3B008AD341 /* Debug */ = {
			isa = XCBuildConfiguration;
			buildSettings = {
				ALWAYS_SEARCH_USER_PATHS = NO;
				ASSETCATALOG_COMPILER_GENERATE_SWIFT_ASSET_SYMBOL_EXTENSIONS = YES;
				CLANG_ANALYZER_NONNULL = YES;
				CLANG_ANALYZER_NUMBER_OBJECT_CONVERSION = YES_AGGRESSIVE;
				CLANG_CXX_LANGUAGE_STANDARD = "gnu++20";
				CLANG_ENABLE_MODULES = YES;
				CLANG_ENABLE_OBJC_ARC = YES;
				CLANG_ENABLE_OBJC_WEAK = YES;
				CLANG_WARN_BLOCK_CAPTURE_AUTORELEASING = YES;
				CLANG_WARN_BOOL_CONVERSION = YES;
				CLANG_WARN_COMMA = YES;
				CLANG_WARN_CONSTANT_CONVERSION = YES;
				CLANG_WARN_DEPRECATED_OBJC_IMPLEMENTATIONS = YES;
				CLANG_WARN_DIRECT_OBJC_ISA_USAGE = YES_ERROR;
				CLANG_WARN_DOCUMENTATION_COMMENTS = YES;
				CLANG_WARN_EMPTY_BODY = YES;
				CLANG_WARN_ENUM_CONVERSION = YES;
				CLANG_WARN_INFINITE_RECURSION = YES;
				CLANG_WARN_INT_CONVERSION = YES;
				CLANG_WARN_NON_LITERAL_NULL_CONVERSION = YES;
				CLANG_WARN_OBJC_IMPLICIT_RETAIN_SELF = YES;
				CLANG_WARN_OBJC_LITERAL_CONVERSION = YES;
				CLANG_WARN_OBJC_ROOT_CLASS = YES_ERROR;
				CLANG_WARN_QUOTED_INCLUDE_IN_FRAMEWORK_HEADER = YES;
				CLANG_WARN_RANGE_LOOP_ANALYSIS = YES;
				CLANG_WARN_STRICT_PROTOTYPES = YES;
				CLANG_WARN_SUSPICIOUS_MOVE = YES;
				CLANG_WARN_UNGUARDED_AVAILABILITY = YES_AGGRESSIVE;
				CLANG_WARN_UNREACHABLE_CODE = YES;
				CLANG_WARN__DUPLICATE_METHOD_MATCH = YES;
				COPY_PHASE_STRIP = NO;
				DEBUG_INFORMATION_FORMAT = dwarf;
				ENABLE_STRICT_OBJC_MSGSEND = YES;
				ENABLE_TESTABILITY = YES;
				ENABLE_USER_SCRIPT_SANDBOXING = YES;
				GCC_C_LANGUAGE_STANDARD = gnu17;
				GCC_DYNAMIC_NO_PIC = NO;
				GCC_NO_COMMON_BLOCKS = YES;
				GCC_OPTIMIZATION_LEVEL = 0;
				GCC_PREPROCESSOR_DEFINITIONS = (
					"DEBUG=1",
					"$(inherited)",
				);
				GCC_WARN_64_TO_32_BIT_CONVERSION = YES;
				GCC_WARN_ABOUT_RETURN_TYPE = YES_ERROR;
				GCC_WARN_UNDECLARED_SELECTOR = YES;
				GCC_WARN_UNINITIALIZED_AUTOS = YES_AGGRESSIVE;
				GCC_WARN_UNUSED_FUNCTION = YES;
				GCC_WARN_UNUSED_VARIABLE = YES;
				LOCALIZATION_PREFERS_STRING_CATALOGS = YES;
				MTL_ENABLE_DEBUG_INFO = INCLUDE_SOURCE;
				MTL_FAST_MATH = YES;
				ONLY_ACTIVE_ARCH = YES;
				SWIFT_ACTIVE_COMPILATION_CONDITIONS = "DEBUG $(inherited)";
				SWIFT_OPTIMIZATION_LEVEL = "-Onone";
			};
			name = Debug;
		};
		35542CAB2BDE4B3B008AD341 /* Release */ = {
			isa = XCBuildConfiguration;
			buildSettings = {
				ALWAYS_SEARCH_USER_PATHS = NO;
				ASSETCATALOG_COMPILER_GENERATE_SWIFT_ASSET_SYMBOL_EXTENSIONS = YES;
				CLANG_ANALYZER_NONNULL = YES;
				CLANG_ANALYZER_NUMBER_OBJECT_CONVERSION = YES_AGGRESSIVE;
				CLANG_CXX_LANGUAGE_STANDARD = "gnu++20";
				CLANG_ENABLE_MODULES = YES;
				CLANG_ENABLE_OBJC_ARC = YES;
				CLANG_ENABLE_OBJC_WEAK = YES;
				CLANG_WARN_BLOCK_CAPTURE_AUTORELEASING = YES;
				CLANG_WARN_BOOL_CONVERSION = YES;
				CLANG_WARN_COMMA = YES;
				CLANG_WARN_CONSTANT_CONVERSION = YES;
				CLANG_WARN_DEPRECATED_OBJC_IMPLEMENTATIONS = YES;
				CLANG_WARN_DIRECT_OBJC_ISA_USAGE = YES_ERROR;
				CLANG_WARN_DOCUMENTATION_COMMENTS = YES;
				CLANG_WARN_EMPTY_BODY = YES;
				CLANG_WARN_ENUM_CONVERSION = YES;
				CLANG_WARN_INFINITE_RECURSION = YES;
				CLANG_WARN_INT_CONVERSION = YES;
				CLANG_WARN_NON_LITERAL_NULL_CONVERSION = YES;
				CLANG_WARN_OBJC_IMPLICIT_RETAIN_SELF = YES;
				CLANG_WARN_OBJC_LITERAL_CONVERSION = YES;
				CLANG_WARN_OBJC_ROOT_CLASS = YES_ERROR;
				CLANG_WARN_QUOTED_INCLUDE_IN_FRAMEWORK_HEADER = YES;
				CLANG_WARN_RANGE_LOOP_ANALYSIS = YES;
				CLANG_WARN_STRICT_PROTOTYPES = YES;
				CLANG_WARN_SUSPICIOUS_MOVE = YES;
				CLANG_WARN_UNGUARDED_AVAILABILITY = YES_AGGRESSIVE;
				CLANG_WARN_UNREACHABLE_CODE = YES;
				CLANG_WARN__DUPLICATE_METHOD_MATCH = YES;
				COPY_PHASE_STRIP = NO;
				DEBUG_INFORMATION_FORMAT = "dwarf-with-dsym";
				ENABLE_NS_ASSERTIONS = NO;
				ENABLE_STRICT_OBJC_MSGSEND = YES;
				ENABLE_USER_SCRIPT_SANDBOXING = YES;
				GCC_C_LANGUAGE_STANDARD = gnu17;
				GCC_NO_COMMON_BLOCKS = YES;
				GCC_WARN_64_TO_32_BIT_CONVERSION = YES;
				GCC_WARN_ABOUT_RETURN_TYPE = YES_ERROR;
				GCC_WARN_UNDECLARED_SELECTOR = YES;
				GCC_WARN_UNINITIALIZED_AUTOS = YES_AGGRESSIVE;
				GCC_WARN_UNUSED_FUNCTION = YES;
				GCC_WARN_UNUSED_VARIABLE = YES;
				LOCALIZATION_PREFERS_STRING_CATALOGS = YES;
				MTL_ENABLE_DEBUG_INFO = NO;
				MTL_FAST_MATH = YES;
				SWIFT_COMPILATION_MODE = wholemodule;
			};
			name = Release;
		};
		35542CAD2BDE4B3B008AD341 /* Debug */ = {
			isa = XCBuildConfiguration;
			buildSettings = {
				ASSETCATALOG_COMPILER_APPICON_NAME = AppIcon;
				ASSETCATALOG_COMPILER_GLOBAL_ACCENT_COLOR_NAME = AccentColor;
				CODE_SIGN_ENTITLEMENTS = CoreDataBootcamp/CoreDataBootcamp.entitlements;
				CODE_SIGN_STYLE = Automatic;
				CURRENT_PROJECT_VERSION = 1;
				DEVELOPMENT_ASSET_PATHS = "\"CoreDataBootcamp/Preview Content\"";
				DEVELOPMENT_TEAM = 73P5VLU884;
				ENABLE_HARDENED_RUNTIME = YES;
				ENABLE_PREVIEWS = YES;
				GENERATE_INFOPLIST_FILE = YES;
				"INFOPLIST_KEY_UIApplicationSceneManifest_Generation[sdk=iphoneos*]" = YES;
				"INFOPLIST_KEY_UIApplicationSceneManifest_Generation[sdk=iphonesimulator*]" = YES;
				"INFOPLIST_KEY_UIApplicationSupportsIndirectInputEvents[sdk=iphoneos*]" = YES;
				"INFOPLIST_KEY_UIApplicationSupportsIndirectInputEvents[sdk=iphonesimulator*]" = YES;
				"INFOPLIST_KEY_UILaunchScreen_Generation[sdk=iphoneos*]" = YES;
				"INFOPLIST_KEY_UILaunchScreen_Generation[sdk=iphonesimulator*]" = YES;
				"INFOPLIST_KEY_UIStatusBarStyle[sdk=iphoneos*]" = UIStatusBarStyleDefault;
				"INFOPLIST_KEY_UIStatusBarStyle[sdk=iphonesimulator*]" = UIStatusBarStyleDefault;
				INFOPLIST_KEY_UISupportedInterfaceOrientations_iPad = "UIInterfaceOrientationPortrait UIInterfaceOrientationPortraitUpsideDown UIInterfaceOrientationLandscapeLeft UIInterfaceOrientationLandscapeRight";
				INFOPLIST_KEY_UISupportedInterfaceOrientations_iPhone = "UIInterfaceOrientationPortrait UIInterfaceOrientationLandscapeLeft UIInterfaceOrientationLandscapeRight";
				IPHONEOS_DEPLOYMENT_TARGET = 17.4;
				LD_RUNPATH_SEARCH_PATHS = "@executable_path/Frameworks";
				"LD_RUNPATH_SEARCH_PATHS[sdk=macosx*]" = "@executable_path/../Frameworks";
				MACOSX_DEPLOYMENT_TARGET = 14.4;
				MARKETING_VERSION = 1.0;
				PRODUCT_BUNDLE_IDENTIFIER = io.prg.CoreDataBootcamp;
				PRODUCT_NAME = "$(TARGET_NAME)";
				SDKROOT = auto;
				SUPPORTED_PLATFORMS = "iphoneos iphonesimulator macosx";
				SWIFT_EMIT_LOC_STRINGS = YES;
				SWIFT_VERSION = 5.0;
				TARGETED_DEVICE_FAMILY = "1,2";
			};
			name = Debug;
		};
		35542CAE2BDE4B3B008AD341 /* Release */ = {
			isa = XCBuildConfiguration;
			buildSettings = {
				ASSETCATALOG_COMPILER_APPICON_NAME = AppIcon;
				ASSETCATALOG_COMPILER_GLOBAL_ACCENT_COLOR_NAME = AccentColor;
				CODE_SIGN_ENTITLEMENTS = CoreDataBootcamp/CoreDataBootcamp.entitlements;
				CODE_SIGN_STYLE = Automatic;
				CURRENT_PROJECT_VERSION = 1;
				DEVELOPMENT_ASSET_PATHS = "\"CoreDataBootcamp/Preview Content\"";
				DEVELOPMENT_TEAM = 73P5VLU884;
				ENABLE_HARDENED_RUNTIME = YES;
				ENABLE_PREVIEWS = YES;
				GENERATE_INFOPLIST_FILE = YES;
				"INFOPLIST_KEY_UIApplicationSceneManifest_Generation[sdk=iphoneos*]" = YES;
				"INFOPLIST_KEY_UIApplicationSceneManifest_Generation[sdk=iphonesimulator*]" = YES;
				"INFOPLIST_KEY_UIApplicationSupportsIndirectInputEvents[sdk=iphoneos*]" = YES;
				"INFOPLIST_KEY_UIApplicationSupportsIndirectInputEvents[sdk=iphonesimulator*]" = YES;
				"INFOPLIST_KEY_UILaunchScreen_Generation[sdk=iphoneos*]" = YES;
				"INFOPLIST_KEY_UILaunchScreen_Generation[sdk=iphonesimulator*]" = YES;
				"INFOPLIST_KEY_UIStatusBarStyle[sdk=iphoneos*]" = UIStatusBarStyleDefault;
				"INFOPLIST_KEY_UIStatusBarStyle[sdk=iphonesimulator*]" = UIStatusBarStyleDefault;
				INFOPLIST_KEY_UISupportedInterfaceOrientations_iPad = "UIInterfaceOrientationPortrait UIInterfaceOrientationPortraitUpsideDown UIInterfaceOrientationLandscapeLeft UIInterfaceOrientationLandscapeRight";
				INFOPLIST_KEY_UISupportedInterfaceOrientations_iPhone = "UIInterfaceOrientationPortrait UIInterfaceOrientationLandscapeLeft UIInterfaceOrientationLandscapeRight";
				IPHONEOS_DEPLOYMENT_TARGET = 17.4;
				LD_RUNPATH_SEARCH_PATHS = "@executable_path/Frameworks";
				"LD_RUNPATH_SEARCH_PATHS[sdk=macosx*]" = "@executable_path/../Frameworks";
				MACOSX_DEPLOYMENT_TARGET = 14.4;
				MARKETING_VERSION = 1.0;
				PRODUCT_BUNDLE_IDENTIFIER = io.prg.CoreDataBootcamp;
				PRODUCT_NAME = "$(TARGET_NAME)";
				SDKROOT = auto;
				SUPPORTED_PLATFORMS = "iphoneos iphonesimulator macosx";
				SWIFT_EMIT_LOC_STRINGS = YES;
				SWIFT_VERSION = 5.0;
				TARGETED_DEVICE_FAMILY = "1,2";
			};
			name = Release;
		};
		35542CB02BDE4B3B008AD341 /* Debug */ = {
			isa = XCBuildConfiguration;
			buildSettings = {
				ALWAYS_EMBED_SWIFT_STANDARD_LIBRARIES = YES;
				BUNDLE_LOADER = "$(TEST_HOST)";
				CODE_SIGN_STYLE = Automatic;
				CURRENT_PROJECT_VERSION = 1;
				DEVELOPMENT_TEAM = 73P5VLU884;
				GENERATE_INFOPLIST_FILE = YES;
				IPHONEOS_DEPLOYMENT_TARGET = 17.4;
				MACOSX_DEPLOYMENT_TARGET = 14.4;
				MARKETING_VERSION = 1.0;
				PRODUCT_BUNDLE_IDENTIFIER = io.prg.CoreDataBootcampTests;
				PRODUCT_NAME = "$(TARGET_NAME)";
				SDKROOT = auto;
				SUPPORTED_PLATFORMS = "iphoneos iphonesimulator macosx";
				SWIFT_EMIT_LOC_STRINGS = NO;
				SWIFT_VERSION = 5.0;
				TARGETED_DEVICE_FAMILY = "1,2";
				TEST_HOST = "$(BUILT_PRODUCTS_DIR)/CoreDataBootcamp.app/$(BUNDLE_EXECUTABLE_FOLDER_PATH)/CoreDataBootcamp";
			};
			name = Debug;
		};
		35542CB12BDE4B3B008AD341 /* Release */ = {
			isa = XCBuildConfiguration;
			buildSettings = {
				ALWAYS_EMBED_SWIFT_STANDARD_LIBRARIES = YES;
				BUNDLE_LOADER = "$(TEST_HOST)";
				CODE_SIGN_STYLE = Automatic;
				CURRENT_PROJECT_VERSION = 1;
				DEVELOPMENT_TEAM = 73P5VLU884;
				GENERATE_INFOPLIST_FILE = YES;
				IPHONEOS_DEPLOYMENT_TARGET = 17.4;
				MACOSX_DEPLOYMENT_TARGET = 14.4;
				MARKETING_VERSION = 1.0;
				PRODUCT_BUNDLE_IDENTIFIER = io.prg.CoreDataBootcampTests;
				PRODUCT_NAME = "$(TARGET_NAME)";
				SDKROOT = auto;
				SUPPORTED_PLATFORMS = "iphoneos iphonesimulator macosx";
				SWIFT_EMIT_LOC_STRINGS = NO;
				SWIFT_VERSION = 5.0;
				TARGETED_DEVICE_FAMILY = "1,2";
				TEST_HOST = "$(BUILT_PRODUCTS_DIR)/CoreDataBootcamp.app/$(BUNDLE_EXECUTABLE_FOLDER_PATH)/CoreDataBootcamp";
			};
			name = Release;
		};
		35542CB32BDE4B3B008AD341 /* Debug */ = {
			isa = XCBuildConfiguration;
			buildSettings = {
				ALWAYS_EMBED_SWIFT_STANDARD_LIBRARIES = YES;
				CODE_SIGN_STYLE = Automatic;
				CURRENT_PROJECT_VERSION = 1;
				DEVELOPMENT_TEAM = 73P5VLU884;
				GENERATE_INFOPLIST_FILE = YES;
				IPHONEOS_DEPLOYMENT_TARGET = 17.4;
				MACOSX_DEPLOYMENT_TARGET = 14.4;
				MARKETING_VERSION = 1.0;
				PRODUCT_BUNDLE_IDENTIFIER = io.prg.CoreDataBootcampUITests;
				PRODUCT_NAME = "$(TARGET_NAME)";
				SDKROOT = auto;
				SUPPORTED_PLATFORMS = "iphoneos iphonesimulator macosx";
				SWIFT_EMIT_LOC_STRINGS = NO;
				SWIFT_VERSION = 5.0;
				TARGETED_DEVICE_FAMILY = "1,2";
				TEST_TARGET_NAME = CoreDataBootcamp;
			};
			name = Debug;
		};
		35542CB42BDE4B3B008AD341 /* Release */ = {
			isa = XCBuildConfiguration;
			buildSettings = {
				ALWAYS_EMBED_SWIFT_STANDARD_LIBRARIES = YES;
				CODE_SIGN_STYLE = Automatic;
				CURRENT_PROJECT_VERSION = 1;
				DEVELOPMENT_TEAM = 73P5VLU884;
				GENERATE_INFOPLIST_FILE = YES;
				IPHONEOS_DEPLOYMENT_TARGET = 17.4;
				MACOSX_DEPLOYMENT_TARGET = 14.4;
				MARKETING_VERSION = 1.0;
				PRODUCT_BUNDLE_IDENTIFIER = io.prg.CoreDataBootcampUITests;
				PRODUCT_NAME = "$(TARGET_NAME)";
				SDKROOT = auto;
				SUPPORTED_PLATFORMS = "iphoneos iphonesimulator macosx";
				SWIFT_EMIT_LOC_STRINGS = NO;
				SWIFT_VERSION = 5.0;
				TARGETED_DEVICE_FAMILY = "1,2";
				TEST_TARGET_NAME = CoreDataBootcamp;
			};
			name = Release;
		};
/* End XCBuildConfiguration section */

/* Begin XCConfigurationList section */
		35542C7D2BDE4B35008AD341 /* Build configuration list for PBXProject "CoreDataBootcamp" */ = {
			isa = XCConfigurationList;
			buildConfigurations = (
				35542CAA2BDE4B3B008AD341 /* Debug */,
				35542CAB2BDE4B3B008AD341 /* Release */,
			);
			defaultConfigurationIsVisible = 0;
			defaultConfigurationName = Release;
		};
		35542CAC2BDE4B3B008AD341 /* Build configuration list for PBXNativeTarget "CoreDataBootcamp" */ = {
			isa = XCConfigurationList;
			buildConfigurations = (
				35542CAD2BDE4B3B008AD341 /* Debug */,
				35542CAE2BDE4B3B008AD341 /* Release */,
			);
			defaultConfigurationIsVisible = 0;
			defaultConfigurationName = Release;
		};
		35542CAF2BDE4B3B008AD341 /* Build configuration list for PBXNativeTarget "CoreDataBootcampTests" */ = {
			isa = XCConfigurationList;
			buildConfigurations = (
				35542CB02BDE4B3B008AD341 /* Debug */,
				35542CB12BDE4B3B008AD341 /* Release */,
			);
			defaultConfigurationIsVisible = 0;
			defaultConfigurationName = Release;
		};
		35542CB22BDE4B3B008AD341 /* Build configuration list for PBXNativeTarget "CoreDataBootcampUITests" */ = {
			isa = XCConfigurationList;
			buildConfigurations = (
				35542CB32BDE4B3B008AD341 /* Debug */,
				35542CB42BDE4B3B008AD341 /* Release */,
			);
			defaultConfigurationIsVisible = 0;
			defaultConfigurationName = Release;
		};
/* End XCConfigurationList section */

/* Begin XCVersionGroup section */
		35542C892BDE4B35008AD341 /* CoreDataBootcamp.xcdatamodeld */ = {
			isa = XCVersionGroup;
			children = (
				35542C8A2BDE4B35008AD341 /* CoreDataBootcamp.xcdatamodel */,
			);
			currentVersion = 35542C8A2BDE4B35008AD341 /* CoreDataBootcamp.xcdatamodel */;
			path = CoreDataBootcamp.xcdatamodeld;
			sourceTree = "<group>";
			versionGroupType = wrapper.xcdatamodel;
		};
/* End XCVersionGroup section */
	};
	rootObject = 35542C7A2BDE4B35008AD341 /* Project object */;
}
